
Microsoft Visual Studio Solution File, Format Version 12.00
# Visual Studio Version 16
VisualStudioVersion = 16.0.30204.135
MinimumVisualStudioVersion = 10.0.40219.1
Project("{FAE04EC0-301F-11D3-BF4B-00C04F79EFBC}") = "CF_LootCave", "CF_LootCave.csproj", "{7D9F4999-CE8C-4006-A44A-B519F730987A}"
EndProject
Global
	GlobalSection(SolutionConfigurationPlatforms) = preSolution
		Debug|Any CPU = Debug|Any CPU
		Release|Any CPU = Release|Any CPU
	EndGlobalSection
	GlobalSection(ProjectConfigurationPlatforms) = postSolution
		{7D9F4999-CE8C-4006-A44A-B519F730987A}.Debug|Any CPU.ActiveCfg = Debug|Any CPU
		{7D9F4999-CE8C-4006-A44A-B519F730987A}.Debug|Any CPU.Build.0 = Debug|Any CPU
		{7D9F4999-CE8C-4006-A44A-B519F730987A}.Release|Any CPU.ActiveCfg = Release|Any CPU
		{7D9F4999-CE8C-4006-A44A-B519F730987A}.Release|Any CPU.Build.0 = Release|Any CPU
	EndGlobalSection
	GlobalSection(SolutionProperties) = preSolution
		HideSolutionNode = FALSE
	EndGlobalSection
	GlobalSection(ExtensibilityGlobals) = postSolution
		SolutionGuid = {3F6A0756-248E-49AB-BFE7-700240B9DE67}
	EndGlobalSection
EndGlobal
